# This file is automatically @generated by Poetry 1.8.2 and should not be changed by hand.

[[package]]
name = "datetime"
version = "5.4"
description = "This package provides a DateTime data type, as known from Zope. Unless you need to communicate with Zope APIs, you're probably better off using Python's built-in datetime module."
optional = false
python-versions = ">=3.7"
files = [
    {file = "DateTime-5.4-py3-none-any.whl", hash = "sha256:88caf4d2441fe479038f4740a1071953686f7c1ed6c9e8c7df9ebe84e592f0c6"},
    {file = "DateTime-5.4.tar.gz", hash = "sha256:568ea851d40773d846c0b5efe260aecb717c2b933c052a3c13b712809c16b57d"},
]

[package.dependencies]
pytz = "*"
"zope.interface" = "*"

[[package]]
name = "pytz"
version = "2024.1"
description = "World timezone definitions, modern and historical"
optional = false
python-versions = "*"
files = [
    {file = "pytz-2024.1-py2.py3-none-any.whl", hash = "sha256:328171f4e3623139da4983451950b28e95ac706e13f3f2630a879749e7a8b319"},
    {file = "pytz-2024.1.tar.gz", hash = "sha256:2a29735ea9c18baf14b448846bde5a48030ed267578472d8955cd0e7443a9812"},
]

[[package]]
name = "setuptools"
version = "69.2.0"
description = "Easily download, build, install, upgrade, and uninstall Python packages"
optional = false
python-versions = ">=3.8"
files = [
    {file = "setuptools-69.2.0-py3-none-any.whl", hash = "sha256:c21c49fb1042386df081cb5d86759792ab89efca84cf114889191cd09aacc80c"},
    {file = "setuptools-69.2.0.tar.gz", hash = "sha256:0ff4183f8f42cd8fa3acea16c45205521a4ef28f73c6391d8a25e92893134f2e"},
]

[package.extras]
docs = ["furo", "jaraco.packaging (>=9.3)", "jaraco.tidelift (>=1.4)", "pygments-github-lexers (==0.0.5)", "rst.linker (>=1.9)", "sphinx (<7.2.5)", "sphinx (>=3.5)", "sphinx-favicon", "sphinx-inline-tabs", "sphinx-lint", "sphinx-notfound-page (>=1,<2)", "sphinx-reredirects", "sphinxcontrib-towncrier"]
testing = ["build[virtualenv]", "filelock (>=3.4.0)", "importlib-metadata", "ini2toml[lite] (>=0.9)", "jaraco.develop (>=7.21)", "jaraco.envs (>=2.2)", "jaraco.path (>=3.2.0)", "mypy (==1.9)", "packaging (>=23.2)", "pip (>=19.1)", "pytest (>=6)", "pytest-checkdocs (>=2.4)", "pytest-cov", "pytest-enabler (>=2.2)", "pytest-home (>=0.5)", "pytest-mypy (>=0.9.1)", "pytest-perf", "pytest-ruff (>=0.2.1)", "pytest-timeout", "pytest-xdist (>=3)", "tomli", "tomli-w (>=1.0.0)", "virtualenv (>=13.0.0)", "wheel"]
testing-integration = ["build[virtualenv] (>=1.0.3)", "filelock (>=3.4.0)", "jaraco.envs (>=2.2)", "jaraco.path (>=3.2.0)", "packaging (>=23.2)", "pytest", "pytest-enabler", "pytest-xdist", "tomli", "virtualenv (>=13.0.0)", "wheel"]

[[package]]
name = "zope-interface"
version = "6.2"
description = "Interfaces for Python"
optional = false
python-versions = ">=3.7"
files = [
    {file = "zope.interface-6.2-cp310-cp310-macosx_10_9_x86_64.whl", hash = "sha256:506f5410b36e5ba494136d9fa04c548eaf1a0d9c442b0b0e7a0944db7620e0ab"},
    {file = "zope.interface-6.2-cp310-cp310-macosx_11_0_arm64.whl", hash = "sha256:b386b8b9d2b6a5e1e4eadd4e62335571244cb9193b7328c2b6e38b64cfda4f0e"},
    {file = "zope.interface-6.2-cp310-cp310-manylinux_2_17_aarch64.manylinux2014_aarch64.whl", hash = "sha256:abb0b3f2cb606981c7432f690db23506b1db5899620ad274e29dbbbdd740e797"},
    {file = "zope.interface-6.2-cp310-cp310-manylinux_2_5_i686.manylinux1_i686.manylinux_2_17_i686.manylinux2014_i686.whl", hash = "sha256:de7916380abaef4bb4891740879b1afcba2045aee51799dfd6d6ca9bdc71f35f"},
    {file = "zope.interface-6.2-cp310-cp310-manylinux_2_5_x86_64.manylinux1_x86_64.manylinux_2_17_x86_64.manylinux2014_x86_64.whl", hash = "sha256:3b240883fb43160574f8f738e6d09ddbdbf8fa3e8cea051603d9edfd947d9328"},
    {file = "zope.interface-6.2-cp310-cp310-win_amd64.whl", hash = "sha256:8af82afc5998e1f307d5e72712526dba07403c73a9e287d906a8aa2b1f2e33dd"},
    {file = "zope.interface-6.2-cp311-cp311-macosx_10_9_x86_64.whl", hash = "sha256:4d45d2ba8195850e3e829f1f0016066a122bfa362cc9dc212527fc3d51369037"},
    {file = "zope.interface-6.2-cp311-cp311-macosx_11_0_arm64.whl", hash = "sha256:76e0531d86523be7a46e15d379b0e975a9db84316617c0efe4af8338dc45b80c"},
    {file = "zope.interface-6.2-cp311-cp311-manylinux_2_17_aarch64.manylinux2014_aarch64.whl", hash = "sha256:59f7374769b326a217d0b2366f1c176a45a4ff21e8f7cebb3b4a3537077eff85"},
    {file = "zope.interface-6.2-cp311-cp311-manylinux_2_5_i686.manylinux1_i686.manylinux_2_17_i686.manylinux2014_i686.whl", hash = "sha256:25e0af9663eeac6b61b231b43c52293c2cb7f0c232d914bdcbfd3e3bd5c182ad"},
    {file = "zope.interface-6.2-cp311-cp311-manylinux_2_5_x86_64.manylinux1_x86_64.manylinux_2_17_x86_64.manylinux2014_x86_64.whl", hash = "sha256:14e02a6fc1772b458ebb6be1c276528b362041217b9ca37e52ecea2cbdce9fac"},
    {file = "zope.interface-6.2-cp311-cp311-win_amd64.whl", hash = "sha256:02adbab560683c4eca3789cc0ac487dcc5f5a81cc48695ec247f00803cafe2fe"},
    {file = "zope.interface-6.2-cp312-cp312-macosx_10_9_x86_64.whl", hash = "sha256:8f5d2c39f3283e461de3655e03faf10e4742bb87387113f787a7724f32db1e48"},
    {file = "zope.interface-6.2-cp312-cp312-macosx_11_0_arm64.whl", hash = "sha256:75d2ec3d9b401df759b87bc9e19d1b24db73083147089b43ae748aefa63067ef"},
    {file = "zope.interface-6.2-cp312-cp312-manylinux_2_17_aarch64.manylinux2014_aarch64.whl", hash = "sha256:fa994e8937e8ccc7e87395b7b35092818905cf27c651e3ff3e7f29729f5ce3ce"},
    {file = "zope.interface-6.2-cp312-cp312-manylinux_2_5_i686.manylinux1_i686.manylinux_2_17_i686.manylinux2014_i686.whl", hash = "sha256:ede888382882f07b9e4cd942255921ffd9f2901684198b88e247c7eabd27a000"},
    {file = "zope.interface-6.2-cp312-cp312-manylinux_2_5_x86_64.manylinux1_x86_64.manylinux_2_17_x86_64.manylinux2014_x86_64.whl", hash = "sha256:2606955a06c6852a6cff4abeca38346ed01e83f11e960caa9a821b3626a4467b"},
    {file = "zope.interface-6.2-cp312-cp312-win_amd64.whl", hash = "sha256:ac7c2046d907e3b4e2605a130d162b1b783c170292a11216479bb1deb7cadebe"},
    {file = "zope.interface-6.2-cp37-cp37m-macosx_11_0_x86_64.whl", hash = "sha256:febceb04ee7dd2aef08c2ff3d6f8a07de3052fc90137c507b0ede3ea80c21440"},
    {file = "zope.interface-6.2-cp37-cp37m-manylinux_2_17_aarch64.manylinux2014_aarch64.whl", hash = "sha256:6fc711acc4a1c702ca931fdbf7bf7c86f2a27d564c85c4964772dadf0e3c52f5"},
    {file = "zope.interface-6.2-cp37-cp37m-manylinux_2_5_i686.manylinux1_i686.manylinux_2_17_i686.manylinux2014_i686.whl", hash = "sha256:396f5c94654301819a7f3a702c5830f0ea7468d7b154d124ceac823e2419d000"},
    {file = "zope.interface-6.2-cp37-cp37m-manylinux_2_5_x86_64.manylinux1_x86_64.manylinux_2_17_x86_64.manylinux2014_x86_64.whl", hash = "sha256:4dd374927c00764fcd6fe1046bea243ebdf403fba97a937493ae4be2c8912c2b"},
    {file = "zope.interface-6.2-cp37-cp37m-win_amd64.whl", hash = "sha256:a3046e8ab29b590d723821d0785598e0b2e32b636a0272a38409be43e3ae0550"},
    {file = "zope.interface-6.2-cp38-cp38-macosx_10_9_x86_64.whl", hash = "sha256:de125151a53ecdb39df3cb3deb9951ed834dd6a110a9e795d985b10bb6db4532"},
    {file = "zope.interface-6.2-cp38-cp38-macosx_11_0_arm64.whl", hash = "sha256:f444de0565db46d26c9fa931ca14f497900a295bd5eba480fc3fad25af8c763e"},
    {file = "zope.interface-6.2-cp38-cp38-manylinux_2_17_aarch64.manylinux2014_aarch64.whl", hash = "sha256:e2fefad268ff5c5b314794e27e359e48aeb9c8bb2cbb5748a071757a56f6bb8f"},
    {file = "zope.interface-6.2-cp38-cp38-manylinux_2_5_i686.manylinux1_i686.manylinux_2_17_i686.manylinux2014_i686.whl", hash = "sha256:97785604824981ec8c81850dd25c8071d5ce04717a34296eeac771231fbdd5cd"},
    {file = "zope.interface-6.2-cp38-cp38-manylinux_2_5_x86_64.manylinux1_x86_64.manylinux_2_17_x86_64.manylinux2014_x86_64.whl", hash = "sha256:e7b2bed4eea047a949296e618552d3fed00632dc1b795ee430289bdd0e3717f3"},
    {file = "zope.interface-6.2-cp38-cp38-win_amd64.whl", hash = "sha256:d54f66c511ea01b9ef1d1a57420a93fbb9d48a08ec239f7d9c581092033156d0"},
    {file = "zope.interface-6.2-cp39-cp39-macosx_10_9_x86_64.whl", hash = "sha256:5ee9789a20b0081dc469f65ff6c5007e67a940d5541419ca03ef20c6213dd099"},
    {file = "zope.interface-6.2-cp39-cp39-macosx_11_0_arm64.whl", hash = "sha256:af27b3fe5b6bf9cd01b8e1c5ddea0a0d0a1b8c37dc1c7452f1e90bf817539c6d"},
    {file = "zope.interface-6.2-cp39-cp39-manylinux_2_17_aarch64.manylinux2014_aarch64.whl", hash = "sha256:4bce517b85f5debe07b186fc7102b332676760f2e0c92b7185dd49c138734b70"},
    {file = "zope.interface-6.2-cp39-cp39-manylinux_2_5_i686.manylinux1_i686.manylinux_2_17_i686.manylinux2014_i686.whl", hash = "sha256:4ae9793f114cee5c464cc0b821ae4d36e1eba961542c6086f391a61aee167b6f"},
    {file = "zope.interface-6.2-cp39-cp39-manylinux_2_5_x86_64.manylinux1_x86_64.manylinux_2_17_x86_64.manylinux2014_x86_64.whl", hash = "sha256:e87698e2fea5ca2f0a99dff0a64ce8110ea857b640de536c76d92aaa2a91ff3a"},
    {file = "zope.interface-6.2-cp39-cp39-win_amd64.whl", hash = "sha256:b66335bbdbb4c004c25ae01cc4a54fd199afbc1fd164233813c6d3c2293bb7e1"},
    {file = "zope.interface-6.2.tar.gz", hash = "sha256:3b6c62813c63c543a06394a636978b22dffa8c5410affc9331ce6cdb5bfa8565"},
]

[package.dependencies]
setuptools = "*"

[package.extras]
docs = ["Sphinx", "repoze.sphinx.autointerface", "sphinx_rtd_theme"]
test = ["coverage (>=5.0.3)", "zope.event", "zope.testing"]
testing = ["coverage (>=5.0.3)", "zope.event", "zope.testing"]

[metadata]
lock-version = "2.0"
python-versions = "^3.12"
content-hash = "4f3134e97f6a97ef4cda744616578d234d1a1b1cc141e7cbd6299648c71ae5f1"
